
Microsoft Visual Studio Solution File, Format Version 12.00
# Visual Studio 2015
Project("{FAE04EC0-301F-11D3-BF4B-00C04F79EFBC}") = "Apocalypse.CSharp", "Apocalypse.CSharp.csproj", "{6851A589-B8FB-1717-03DF-0CE952830101}"
EndProject
Project("{FAE04EC0-301F-11D3-BF4B-00C04F79EFBC}") = "Apocalypse.CSharp.Editor", "Apocalypse.CSharp.Editor.csproj", "{205EBF85-03CD-62E7-C060-523C2A7501E3}"
EndProject
Global
	GlobalSection(SolutionConfigurationPlatforms) = preSolution
		Debug|Any CPU = Debug|Any CPU
		Release|Any CPU = Release|Any CPU
	EndGlobalSection
	GlobalSection(ProjectConfigurationPlatforms) = postSolution
		{6851A589-B8FB-1717-03DF-0CE952830101}.Debug|Any CPU.ActiveCfg = Debug|Any CPU
		{6851A589-B8FB-1717-03DF-0CE952830101}.Debug|Any CPU.Build.0 = Debug|Any CPU
		{6851A589-B8FB-1717-03DF-0CE952830101}.Release|Any CPU.ActiveCfg = Release|Any CPU
		{6851A589-B8FB-1717-03DF-0CE952830101}.Release|Any CPU.Build.0 = Release|Any CPU
		{205EBF85-03CD-62E7-C060-523C2A7501E3}.Debug|Any CPU.ActiveCfg = Debug|Any CPU
		{205EBF85-03CD-62E7-C060-523C2A7501E3}.Debug|Any CPU.Build.0 = Debug|Any CPU
		{205EBF85-03CD-62E7-C060-523C2A7501E3}.Release|Any CPU.ActiveCfg = Release|Any CPU
		{205EBF85-03CD-62E7-C060-523C2A7501E3}.Release|Any CPU.Build.0 = Release|Any CPU
	EndGlobalSection
	GlobalSection(SolutionProperties) = preSolution
		HideSolutionNode = FALSE
	EndGlobalSection
EndGlobal
